
Microsoft Visual Studio Solution File, Format Version 12.00
# Visual Studio 14
VisualStudioVersion = 14.0.24709.0
MinimumVisualStudioVersion = 10.0.40219.1
Project("{FAE04EC0-301F-11D3-BF4B-00C04F79EFBC}") = "PaintCanvas.win81", "PaintCanvas.win81\PaintCanvas.win81.csproj", "{1B1BA269-32BB-4EB0-BBF0-EC8D052CA3CC}"
EndProject
Project("{FAE04EC0-301F-11D3-BF4B-00C04F79EFBC}") = "PaintCanvas.uwp", "PaintCanvas.uwp\PaintCanvas.uwp.csproj", "{53320135-C163-4752-9214-2AF8000526E4}"
EndProject
Project("{2150E333-8FDC-42A3-9474-1A3956D46DE8}") = "Tools", "Tools", "{C582D977-6B51-4054-A3D8-030993DC6FCE}"
	ProjectSection(SolutionItems) = preProject
		Tools\nuget.exe = Tools\nuget.exe
		Tools\PaintCanvas.nuspec = Tools\PaintCanvas.nuspec
	EndProjectSection
EndProject
Global
	GlobalSection(SolutionConfigurationPlatforms) = preSolution
		Debug|Any CPU = Debug|Any CPU
		Debug|ARM = Debug|ARM
		Debug|x64 = Debug|x64
		Debug|x86 = Debug|x86
		Release|Any CPU = Release|Any CPU
		Release|ARM = Release|ARM
		Release|x64 = Release|x64
		Release|x86 = Release|x86
	EndGlobalSection
	GlobalSection(ProjectConfigurationPlatforms) = postSolution
		{1B1BA269-32BB-4EB0-BBF0-EC8D052CA3CC}.Debug|Any CPU.ActiveCfg = Debug|Any CPU
		{1B1BA269-32BB-4EB0-BBF0-EC8D052CA3CC}.Debug|Any CPU.Build.0 = Debug|Any CPU
		{1B1BA269-32BB-4EB0-BBF0-EC8D052CA3CC}.Debug|ARM.ActiveCfg = Debug|ARM
		{1B1BA269-32BB-4EB0-BBF0-EC8D052CA3CC}.Debug|ARM.Build.0 = Debug|ARM
		{1B1BA269-32BB-4EB0-BBF0-EC8D052CA3CC}.Debug|x64.ActiveCfg = Debug|x64
		{1B1BA269-32BB-4EB0-BBF0-EC8D052CA3CC}.Debug|x64.Build.0 = Debug|x64
		{1B1BA269-32BB-4EB0-BBF0-EC8D052CA3CC}.Debug|x86.ActiveCfg = Debug|x86
		{1B1BA269-32BB-4EB0-BBF0-EC8D052CA3CC}.Debug|x86.Build.0 = Debug|x86
		{1B1BA269-32BB-4EB0-BBF0-EC8D052CA3CC}.Release|Any CPU.ActiveCfg = Release|Any CPU
		{1B1BA269-32BB-4EB0-BBF0-EC8D052CA3CC}.Release|Any CPU.Build.0 = Release|Any CPU
		{1B1BA269-32BB-4EB0-BBF0-EC8D052CA3CC}.Release|ARM.ActiveCfg = Release|ARM
		{1B1BA269-32BB-4EB0-BBF0-EC8D052CA3CC}.Release|ARM.Build.0 = Release|ARM
		{1B1BA269-32BB-4EB0-BBF0-EC8D052CA3CC}.Release|x64.ActiveCfg = Release|x64
		{1B1BA269-32BB-4EB0-BBF0-EC8D052CA3CC}.Release|x64.Build.0 = Release|x64
		{1B1BA269-32BB-4EB0-BBF0-EC8D052CA3CC}.Release|x86.ActiveCfg = Release|x86
		{1B1BA269-32BB-4EB0-BBF0-EC8D052CA3CC}.Release|x86.Build.0 = Release|x86
		{53320135-C163-4752-9214-2AF8000526E4}.Debug|Any CPU.ActiveCfg = Debug|Any CPU
		{53320135-C163-4752-9214-2AF8000526E4}.Debug|Any CPU.Build.0 = Debug|Any CPU
		{53320135-C163-4752-9214-2AF8000526E4}.Debug|ARM.ActiveCfg = Debug|ARM
		{53320135-C163-4752-9214-2AF8000526E4}.Debug|ARM.Build.0 = Debug|ARM
		{53320135-C163-4752-9214-2AF8000526E4}.Debug|x64.ActiveCfg = Debug|x64
		{53320135-C163-4752-9214-2AF8000526E4}.Debug|x64.Build.0 = Debug|x64
		{53320135-C163-4752-9214-2AF8000526E4}.Debug|x86.ActiveCfg = Debug|x86
		{53320135-C163-4752-9214-2AF8000526E4}.Debug|x86.Build.0 = Debug|x86
		{53320135-C163-4752-9214-2AF8000526E4}.Release|Any CPU.ActiveCfg = Release|Any CPU
		{53320135-C163-4752-9214-2AF8000526E4}.Release|Any CPU.Build.0 = Release|Any CPU
		{53320135-C163-4752-9214-2AF8000526E4}.Release|ARM.ActiveCfg = Release|ARM
		{53320135-C163-4752-9214-2AF8000526E4}.Release|ARM.Build.0 = Release|ARM
		{53320135-C163-4752-9214-2AF8000526E4}.Release|x64.ActiveCfg = Release|x64
		{53320135-C163-4752-9214-2AF8000526E4}.Release|x64.Build.0 = Release|x64
		{53320135-C163-4752-9214-2AF8000526E4}.Release|x86.ActiveCfg = Release|x86
		{53320135-C163-4752-9214-2AF8000526E4}.Release|x86.Build.0 = Release|x86
	EndGlobalSection
	GlobalSection(SolutionProperties) = preSolution
		HideSolutionNode = FALSE
	EndGlobalSection
EndGlobal
